
Microsoft Visual Studio Solution File, Format Version 12.00
# Visual Studio Version 17
VisualStudioVersion = 17.5.002.0
MinimumVisualStudioVersion = 10.0.40219.1
Project("{9A19103F-16F7-4668-BE54-9A1E7A4F7556}") = "AuctionService", "AuctionService.csproj", "{D1F73878-67F9-4FF0-902F-9A892DEDEE6C}"
EndProject
Global
	GlobalSection(SolutionConfigurationPlatforms) = preSolution
		Debug|Any CPU = Debug|Any CPU
		Release|Any CPU = Release|Any CPU
	EndGlobalSection
	GlobalSection(ProjectConfigurationPlatforms) = postSolution
		{D1F73878-67F9-4FF0-902F-9A892DEDEE6C}.Debug|Any CPU.ActiveCfg = Debug|Any CPU
		{D1F73878-67F9-4FF0-902F-9A892DEDEE6C}.Debug|Any CPU.Build.0 = Debug|Any CPU
		{D1F73878-67F9-4FF0-902F-9A892DEDEE6C}.Release|Any CPU.ActiveCfg = Release|Any CPU
		{D1F73878-67F9-4FF0-902F-9A892DEDEE6C}.Release|Any CPU.Build.0 = Release|Any CPU
	EndGlobalSection
	GlobalSection(SolutionProperties) = preSolution
		HideSolutionNode = FALSE
	EndGlobalSection
	GlobalSection(ExtensibilityGlobals) = postSolution
		SolutionGuid = {B3C3171D-2798-45C1-BBEE-B2FBF1978AEF}
	EndGlobalSection
EndGlobal
